
Microsoft Visual Studio Solution File, Format Version 12.00
# Visual Studio 14
VisualStudioVersion = 14.0.25420.1
MinimumVisualStudioVersion = 10.0.40219.1
Project("{FAE04EC0-301F-11D3-BF4B-00C04F79EFBC}") = "LIS.v10", "LIS.v10\LIS.v10.csproj", "{6E75A7AA-411C-4632-8631-F15DEA75EE7C}"
EndProject
Project("{FAE04EC0-301F-11D3-BF4B-00C04F79EFBC}") = "LIS.v10.Tests", "LIS.v10.Tests\LIS.v10.Tests.csproj", "{3E8F80C3-23D3-4960-9FE8-3C9ECF972892}"
EndProject
Project("{FAE04EC0-301F-11D3-BF4B-00C04F79EFBC}") = "SmsSender", "..\..\SEO2017\SmsSender\SmsSender\SmsSender.csproj", "{C91C980B-80D1-4092-9CC7-2B9EA6C148B0}"
EndProject
Global
	GlobalSection(SolutionConfigurationPlatforms) = preSolution
		Debug|Any CPU = Debug|Any CPU
		Release|Any CPU = Release|Any CPU
	EndGlobalSection
	GlobalSection(ProjectConfigurationPlatforms) = postSolution
		{6E75A7AA-411C-4632-8631-F15DEA75EE7C}.Debug|Any CPU.ActiveCfg = Debug|Any CPU
		{6E75A7AA-411C-4632-8631-F15DEA75EE7C}.Debug|Any CPU.Build.0 = Debug|Any CPU
		{6E75A7AA-411C-4632-8631-F15DEA75EE7C}.Release|Any CPU.ActiveCfg = Release|Any CPU
		{6E75A7AA-411C-4632-8631-F15DEA75EE7C}.Release|Any CPU.Build.0 = Release|Any CPU
		{3E8F80C3-23D3-4960-9FE8-3C9ECF972892}.Debug|Any CPU.ActiveCfg = Debug|Any CPU
		{3E8F80C3-23D3-4960-9FE8-3C9ECF972892}.Debug|Any CPU.Build.0 = Debug|Any CPU
		{3E8F80C3-23D3-4960-9FE8-3C9ECF972892}.Release|Any CPU.ActiveCfg = Release|Any CPU
		{3E8F80C3-23D3-4960-9FE8-3C9ECF972892}.Release|Any CPU.Build.0 = Release|Any CPU
		{C91C980B-80D1-4092-9CC7-2B9EA6C148B0}.Debug|Any CPU.ActiveCfg = Debug|Any CPU
		{C91C980B-80D1-4092-9CC7-2B9EA6C148B0}.Debug|Any CPU.Build.0 = Debug|Any CPU
		{C91C980B-80D1-4092-9CC7-2B9EA6C148B0}.Release|Any CPU.ActiveCfg = Release|Any CPU
		{C91C980B-80D1-4092-9CC7-2B9EA6C148B0}.Release|Any CPU.Build.0 = Release|Any CPU
	EndGlobalSection
	GlobalSection(SolutionProperties) = preSolution
		HideSolutionNode = FALSE
	EndGlobalSection
EndGlobal
